{
  "name": "utra-bridge",
  "version": "1.0.0",
  "lockfileVersion": 1,
  "requires": true,
  "dependencies": {
    "color-temperature": {
      "version": "0.2.7",
      "resolved": "https://registry.npmjs.org/color-temperature/-/color-temperature-0.2.7.tgz",
      "integrity": "sha1-bDKtndnA/gfM8thoBzR4FxIzK0A="
    }
  }
}
